
Microsoft Visual Studio Solution File, Format Version 10.00
# Visual Studio 2008
Project("{FAE04EC0-301F-11D3-BF4B-00C04F79EFBC}") = "GlendaGhost", "GlendaGhost\GlendaGhost.csproj", "{90D6D88F-3BC2-4BA4-A9DE-D68F017EB137}"
EndProject
Project("{FAE04EC0-301F-11D3-BF4B-00C04F79EFBC}") = "TwitterClient", "TwitterClient\TwitterClient.csproj", "{1327FBDF-B159-4126-BB4D-3D43B35FECAF}"
EndProject
Global
	GlobalSection(SolutionConfigurationPlatforms) = preSolution
		Debug|Any CPU = Debug|Any CPU
		Release|Any CPU = Release|Any CPU
	EndGlobalSection
	GlobalSection(ProjectConfigurationPlatforms) = postSolution
		{90D6D88F-3BC2-4BA4-A9DE-D68F017EB137}.Debug|Any CPU.ActiveCfg = Debug|Any CPU
		{90D6D88F-3BC2-4BA4-A9DE-D68F017EB137}.Debug|Any CPU.Build.0 = Debug|Any CPU
		{90D6D88F-3BC2-4BA4-A9DE-D68F017EB137}.Release|Any CPU.ActiveCfg = Release|Any CPU
		{90D6D88F-3BC2-4BA4-A9DE-D68F017EB137}.Release|Any CPU.Build.0 = Release|Any CPU
		{1327FBDF-B159-4126-BB4D-3D43B35FECAF}.Debug|Any CPU.ActiveCfg = Debug|Any CPU
		{1327FBDF-B159-4126-BB4D-3D43B35FECAF}.Debug|Any CPU.Build.0 = Debug|Any CPU
		{1327FBDF-B159-4126-BB4D-3D43B35FECAF}.Release|Any CPU.ActiveCfg = Release|Any CPU
		{1327FBDF-B159-4126-BB4D-3D43B35FECAF}.Release|Any CPU.Build.0 = Release|Any CPU
	EndGlobalSection
	GlobalSection(SolutionProperties) = preSolution
		HideSolutionNode = FALSE
	EndGlobalSection
EndGlobal
